
Microsoft Visual Studio Solution File, Format Version 12.00
# Visual Studio Version 17
VisualStudioVersion = 17.13.35931.197
MinimumVisualStudioVersion = 10.0.40219.1
Project("{2150E333-8FDC-42A3-9474-1A3956D46DE8}") = "services", "services", "{02EA681E-C7D8-13C7-8484-4AC65E1B71E8}"
EndProject
Project("{2150E333-8FDC-42A3-9474-1A3956D46DE8}") = "AuthUserService", "AuthUserService", "{FE1E2308-0A49-438B-B08C-EF75A82F780D}"
EndProject
Project("{2150E333-8FDC-42A3-9474-1A3956D46DE8}") = "ProductService", "ProductService", "{9DCFA8CD-355C-4B5F-98A9-42A455048B52}"
EndProject
Project("{2150E333-8FDC-42A3-9474-1A3956D46DE8}") = "OrderPaymentService", "OrderPaymentService", "{CF76BB51-F105-4138-92AF-82023D9C465A}"
EndProject
Project("{2150E333-8FDC-42A3-9474-1A3956D46DE8}") = "NotificationService", "NotificationService", "{F6D42B71-E1F9-45F8-AAD4-7C70B9B0B22E}"
EndProject
Project("{2150E333-8FDC-42A3-9474-1A3956D46DE8}") = "ApiGateway", "ApiGateway", "{9F8587CE-04EB-4260-9E4E-EAFF3DC7CBE1}"
EndProject
Project("{2150E333-8FDC-42A3-9474-1A3956D46DE8}") = "Çözüm Öğeleri", "Çözüm Öğeleri", "{AC80F682-3D55-C8F8-4895-A4A9EDD49434}"
	ProjectSection(SolutionItems) = preProject
		docker-compose.yml = docker-compose.yml
	EndProjectSection
EndProject
Project("{2150E333-8FDC-42A3-9474-1A3956D46DE8}") = "ui", "ui", "{3CB9E497-EF0C-4681-BB89-5E8FC3FCC51C}"
EndProject
Project("{2150E333-8FDC-42A3-9474-1A3956D46DE8}") = "ecommerce-ui", "ecommerce-ui", "{F7C1C055-2B21-4176-B647-328C588A9BD0}"
EndProject
Project("{FAE04EC0-301F-11D3-BF4B-00C04F79EFBC}") = "ApiGateway", "ApiGateway\ApiGateway.csproj", "{740374CE-EF72-4AEE-B41F-45FE14FA5970}"
EndProject
Project("{FAE04EC0-301F-11D3-BF4B-00C04F79EFBC}") = "AuthUserService.API", "AuthUserService.API\AuthUserService.API.csproj", "{842954D7-8108-4255-ADC1-9C278DD49543}"
EndProject
Project("{FAE04EC0-301F-11D3-BF4B-00C04F79EFBC}") = "ProductService.API", "ProductService.API\ProductService.API.csproj", "{0E23618A-5BFD-40EF-9430-E489965291C8}"
EndProject
Project("{FAE04EC0-301F-11D3-BF4B-00C04F79EFBC}") = "OrderPaymentService.API", "OrderPaymentService.API\OrderPaymentService.API.csproj", "{322DFF27-3AE0-4364-AA3B-ECC2A19F3745}"
EndProject
Project("{FAE04EC0-301F-11D3-BF4B-00C04F79EFBC}") = "NotificationService", "NotificationService\NotificationService.csproj", "{62999C21-DD5A-43B8-9CC5-EBC65E3AB031}"
EndProject
Project("{FAE04EC0-301F-11D3-BF4B-00C04F79EFBC}") = "AuthUserService.Application", "AuthUserService.Application\AuthUserService.Application.csproj", "{26322A04-6079-4F97-9936-86EDE502E244}"
EndProject
Project("{FAE04EC0-301F-11D3-BF4B-00C04F79EFBC}") = "AuthUserService.Domain", "AuthUserService.Domain\AuthUserService.Domain.csproj", "{D8721244-9589-4E21-BFED-63C96589E792}"
EndProject
Project("{FAE04EC0-301F-11D3-BF4B-00C04F79EFBC}") = "AuthUserService.Infrastructure", "AuthUserService.Infrastructure\AuthUserService.Infrastructure.csproj", "{CE2E3AF5-E034-4FD9-B540-15864A326206}"
EndProject
Project("{FAE04EC0-301F-11D3-BF4B-00C04F79EFBC}") = "OrderPaymentService.Application", "OrderPaymentService.Application\OrderPaymentService.Application.csproj", "{70745719-6C40-493C-AC91-BF6123F50BC9}"
EndProject
Project("{FAE04EC0-301F-11D3-BF4B-00C04F79EFBC}") = "OrderPaymentService.Domain", "OrderPaymentService.Domain\OrderPaymentService.Domain.csproj", "{6177F70C-FEE0-4DD6-B006-095640CE4688}"
EndProject
Project("{FAE04EC0-301F-11D3-BF4B-00C04F79EFBC}") = "OrderPaymentService.Infrastructure", "OrderPaymentService.Infrastructure\OrderPaymentService.Infrastructure.csproj", "{9515B0DC-5910-47E4-B4E7-5F6CBA592AE2}"
EndProject
Project("{FAE04EC0-301F-11D3-BF4B-00C04F79EFBC}") = "ProductService.Application", "ProductService.Application\ProductService.Application.csproj", "{08BD3195-CEB2-475A-8B5D-1A9392A32775}"
EndProject
Project("{FAE04EC0-301F-11D3-BF4B-00C04F79EFBC}") = "ProductService.Domain", "ProductService.Domain\ProductService.Domain.csproj", "{AA61F51A-E82D-4B92-B926-F5692DB311B0}"
EndProject
Project("{FAE04EC0-301F-11D3-BF4B-00C04F79EFBC}") = "ProductService.Infrastructure", "ProductService.Infrastructure\ProductService.Infrastructure.csproj", "{A92ABF7A-9226-41A4-AF75-FFC2BAC6C27C}"
EndProject
Global
	GlobalSection(SolutionConfigurationPlatforms) = preSolution
		Debug|Any CPU = Debug|Any CPU
		Release|Any CPU = Release|Any CPU
	EndGlobalSection
	GlobalSection(ProjectConfigurationPlatforms) = postSolution
		{740374CE-EF72-4AEE-B41F-45FE14FA5970}.Debug|Any CPU.ActiveCfg = Debug|Any CPU
		{740374CE-EF72-4AEE-B41F-45FE14FA5970}.Debug|Any CPU.Build.0 = Debug|Any CPU
		{740374CE-EF72-4AEE-B41F-45FE14FA5970}.Release|Any CPU.ActiveCfg = Release|Any CPU
		{740374CE-EF72-4AEE-B41F-45FE14FA5970}.Release|Any CPU.Build.0 = Release|Any CPU
		{842954D7-8108-4255-ADC1-9C278DD49543}.Debug|Any CPU.ActiveCfg = Debug|Any CPU
		{842954D7-8108-4255-ADC1-9C278DD49543}.Debug|Any CPU.Build.0 = Debug|Any CPU
		{842954D7-8108-4255-ADC1-9C278DD49543}.Release|Any CPU.ActiveCfg = Release|Any CPU
		{842954D7-8108-4255-ADC1-9C278DD49543}.Release|Any CPU.Build.0 = Release|Any CPU
		{0E23618A-5BFD-40EF-9430-E489965291C8}.Debug|Any CPU.ActiveCfg = Debug|Any CPU
		{0E23618A-5BFD-40EF-9430-E489965291C8}.Debug|Any CPU.Build.0 = Debug|Any CPU
		{0E23618A-5BFD-40EF-9430-E489965291C8}.Release|Any CPU.ActiveCfg = Release|Any CPU
		{0E23618A-5BFD-40EF-9430-E489965291C8}.Release|Any CPU.Build.0 = Release|Any CPU
		{322DFF27-3AE0-4364-AA3B-ECC2A19F3745}.Debug|Any CPU.ActiveCfg = Debug|Any CPU
		{322DFF27-3AE0-4364-AA3B-ECC2A19F3745}.Debug|Any CPU.Build.0 = Debug|Any CPU
		{322DFF27-3AE0-4364-AA3B-ECC2A19F3745}.Release|Any CPU.ActiveCfg = Release|Any CPU
		{322DFF27-3AE0-4364-AA3B-ECC2A19F3745}.Release|Any CPU.Build.0 = Release|Any CPU
		{62999C21-DD5A-43B8-9CC5-EBC65E3AB031}.Debug|Any CPU.ActiveCfg = Debug|Any CPU
		{62999C21-DD5A-43B8-9CC5-EBC65E3AB031}.Debug|Any CPU.Build.0 = Debug|Any CPU
		{62999C21-DD5A-43B8-9CC5-EBC65E3AB031}.Release|Any CPU.ActiveCfg = Release|Any CPU
		{62999C21-DD5A-43B8-9CC5-EBC65E3AB031}.Release|Any CPU.Build.0 = Release|Any CPU
		{26322A04-6079-4F97-9936-86EDE502E244}.Debug|Any CPU.ActiveCfg = Debug|Any CPU
		{26322A04-6079-4F97-9936-86EDE502E244}.Debug|Any CPU.Build.0 = Debug|Any CPU
		{26322A04-6079-4F97-9936-86EDE502E244}.Release|Any CPU.ActiveCfg = Release|Any CPU
		{26322A04-6079-4F97-9936-86EDE502E244}.Release|Any CPU.Build.0 = Release|Any CPU
		{D8721244-9589-4E21-BFED-63C96589E792}.Debug|Any CPU.ActiveCfg = Debug|Any CPU
		{D8721244-9589-4E21-BFED-63C96589E792}.Debug|Any CPU.Build.0 = Debug|Any CPU
		{D8721244-9589-4E21-BFED-63C96589E792}.Release|Any CPU.ActiveCfg = Release|Any CPU
		{D8721244-9589-4E21-BFED-63C96589E792}.Release|Any CPU.Build.0 = Release|Any CPU
		{CE2E3AF5-E034-4FD9-B540-15864A326206}.Debug|Any CPU.ActiveCfg = Debug|Any CPU
		{CE2E3AF5-E034-4FD9-B540-15864A326206}.Debug|Any CPU.Build.0 = Debug|Any CPU
		{CE2E3AF5-E034-4FD9-B540-15864A326206}.Release|Any CPU.ActiveCfg = Release|Any CPU
		{CE2E3AF5-E034-4FD9-B540-15864A326206}.Release|Any CPU.Build.0 = Release|Any CPU
		{70745719-6C40-493C-AC91-BF6123F50BC9}.Debug|Any CPU.ActiveCfg = Debug|Any CPU
		{70745719-6C40-493C-AC91-BF6123F50BC9}.Debug|Any CPU.Build.0 = Debug|Any CPU
		{70745719-6C40-493C-AC91-BF6123F50BC9}.Release|Any CPU.ActiveCfg = Release|Any CPU
		{70745719-6C40-493C-AC91-BF6123F50BC9}.Release|Any CPU.Build.0 = Release|Any CPU
		{6177F70C-FEE0-4DD6-B006-095640CE4688}.Debug|Any CPU.ActiveCfg = Debug|Any CPU
		{6177F70C-FEE0-4DD6-B006-095640CE4688}.Debug|Any CPU.Build.0 = Debug|Any CPU
		{6177F70C-FEE0-4DD6-B006-095640CE4688}.Release|Any CPU.ActiveCfg = Release|Any CPU
		{6177F70C-FEE0-4DD6-B006-095640CE4688}.Release|Any CPU.Build.0 = Release|Any CPU
		{9515B0DC-5910-47E4-B4E7-5F6CBA592AE2}.Debug|Any CPU.ActiveCfg = Debug|Any CPU
		{9515B0DC-5910-47E4-B4E7-5F6CBA592AE2}.Debug|Any CPU.Build.0 = Debug|Any CPU
		{9515B0DC-5910-47E4-B4E7-5F6CBA592AE2}.Release|Any CPU.ActiveCfg = Release|Any CPU
		{9515B0DC-5910-47E4-B4E7-5F6CBA592AE2}.Release|Any CPU.Build.0 = Release|Any CPU
		{08BD3195-CEB2-475A-8B5D-1A9392A32775}.Debug|Any CPU.ActiveCfg = Debug|Any CPU
		{08BD3195-CEB2-475A-8B5D-1A9392A32775}.Debug|Any CPU.Build.0 = Debug|Any CPU
		{08BD3195-CEB2-475A-8B5D-1A9392A32775}.Release|Any CPU.ActiveCfg = Release|Any CPU
		{08BD3195-CEB2-475A-8B5D-1A9392A32775}.Release|Any CPU.Build.0 = Release|Any CPU
		{AA61F51A-E82D-4B92-B926-F5692DB311B0}.Debug|Any CPU.ActiveCfg = Debug|Any CPU
		{AA61F51A-E82D-4B92-B926-F5692DB311B0}.Debug|Any CPU.Build.0 = Debug|Any CPU
		{AA61F51A-E82D-4B92-B926-F5692DB311B0}.Release|Any CPU.ActiveCfg = Release|Any CPU
		{AA61F51A-E82D-4B92-B926-F5692DB311B0}.Release|Any CPU.Build.0 = Release|Any CPU
		{A92ABF7A-9226-41A4-AF75-FFC2BAC6C27C}.Debug|Any CPU.ActiveCfg = Debug|Any CPU
		{A92ABF7A-9226-41A4-AF75-FFC2BAC6C27C}.Debug|Any CPU.Build.0 = Debug|Any CPU
		{A92ABF7A-9226-41A4-AF75-FFC2BAC6C27C}.Release|Any CPU.ActiveCfg = Release|Any CPU
		{A92ABF7A-9226-41A4-AF75-FFC2BAC6C27C}.Release|Any CPU.Build.0 = Release|Any CPU
	EndGlobalSection
	GlobalSection(SolutionProperties) = preSolution
		HideSolutionNode = FALSE
	EndGlobalSection
	GlobalSection(NestedProjects) = preSolution
		{FE1E2308-0A49-438B-B08C-EF75A82F780D} = {02EA681E-C7D8-13C7-8484-4AC65E1B71E8}
		{9DCFA8CD-355C-4B5F-98A9-42A455048B52} = {02EA681E-C7D8-13C7-8484-4AC65E1B71E8}
		{CF76BB51-F105-4138-92AF-82023D9C465A} = {02EA681E-C7D8-13C7-8484-4AC65E1B71E8}
		{F6D42B71-E1F9-45F8-AAD4-7C70B9B0B22E} = {02EA681E-C7D8-13C7-8484-4AC65E1B71E8}
		{9F8587CE-04EB-4260-9E4E-EAFF3DC7CBE1} = {02EA681E-C7D8-13C7-8484-4AC65E1B71E8}
		{F7C1C055-2B21-4176-B647-328C588A9BD0} = {3CB9E497-EF0C-4681-BB89-5E8FC3FCC51C}
		{740374CE-EF72-4AEE-B41F-45FE14FA5970} = {9F8587CE-04EB-4260-9E4E-EAFF3DC7CBE1}
		{842954D7-8108-4255-ADC1-9C278DD49543} = {FE1E2308-0A49-438B-B08C-EF75A82F780D}
		{0E23618A-5BFD-40EF-9430-E489965291C8} = {9DCFA8CD-355C-4B5F-98A9-42A455048B52}
		{322DFF27-3AE0-4364-AA3B-ECC2A19F3745} = {CF76BB51-F105-4138-92AF-82023D9C465A}
		{62999C21-DD5A-43B8-9CC5-EBC65E3AB031} = {F6D42B71-E1F9-45F8-AAD4-7C70B9B0B22E}
		{26322A04-6079-4F97-9936-86EDE502E244} = {FE1E2308-0A49-438B-B08C-EF75A82F780D}
		{D8721244-9589-4E21-BFED-63C96589E792} = {FE1E2308-0A49-438B-B08C-EF75A82F780D}
		{CE2E3AF5-E034-4FD9-B540-15864A326206} = {FE1E2308-0A49-438B-B08C-EF75A82F780D}
		{70745719-6C40-493C-AC91-BF6123F50BC9} = {CF76BB51-F105-4138-92AF-82023D9C465A}
		{6177F70C-FEE0-4DD6-B006-095640CE4688} = {CF76BB51-F105-4138-92AF-82023D9C465A}
		{9515B0DC-5910-47E4-B4E7-5F6CBA592AE2} = {CF76BB51-F105-4138-92AF-82023D9C465A}
		{08BD3195-CEB2-475A-8B5D-1A9392A32775} = {9DCFA8CD-355C-4B5F-98A9-42A455048B52}
		{AA61F51A-E82D-4B92-B926-F5692DB311B0} = {9DCFA8CD-355C-4B5F-98A9-42A455048B52}
		{A92ABF7A-9226-41A4-AF75-FFC2BAC6C27C} = {9DCFA8CD-355C-4B5F-98A9-42A455048B52}
	EndGlobalSection
	GlobalSection(ExtensibilityGlobals) = postSolution
		SolutionGuid = {FC865636-A210-4914-AC13-ED9550B21268}
	EndGlobalSection
EndGlobal
